// !$*UTF8*$!
{
	archiveVersion = 1;
	classes = {
	};
	objectVersion = 50;
	objects = {

/* Begin PBXBuildFile section */
		2681DD6D234AEF4A00562499 /* AppDelegate.swift in Sources */ = {isa = PBXBuildFile; fileRef = 2681DD6C234AEF4A00562499 /* AppDelegate.swift */; };
		2681DD6F234AEF4A00562499 /* SceneDelegate.swift in Sources */ = {isa = PBXBuildFile; fileRef = 2681DD6E234AEF4A00562499 /* SceneDelegate.swift */; };
		2681DD71234AEF4A00562499 /* ViewController.swift in Sources */ = {isa = PBXBuildFile; fileRef = 2681DD70234AEF4A00562499 /* ViewController.swift */; };
		2681DD74234AEF4A00562499 /* Main.storyboard in Resources */ = {isa = PBXBuildFile; fileRef = 2681DD72234AEF4A00562499 /* Main.storyboard */; };
		2681DD76234AEF4B00562499 /* Assets.xcassets in Resources */ = {isa = PBXBuildFile; fileRef = 2681DD75234AEF4B00562499 /* Assets.xcassets */; };
		2681DD79234AEF4B00562499 /* LaunchScreen.storyboard in Resources */ = {isa = PBXBuildFile; fileRef = 2681DD77234AEF4B00562499 /* LaunchScreen.storyboard */; };
		2681DD81234AEF6200562499 /* KNConstraints.swift in Sources */ = {isa = PBXBuildFile; fileRef = 2681DD80234AEF6200562499 /* KNConstraints.swift */; };
/* End PBXBuildFile section */

/* Begin PBXFileReference section */
		2681DD69234AEF4A00562499 /* KNConstraints.app */ = {isa = PBXFileReference; explicitFileType = wrapper.application; includeInIndex = 0; path = KNConstraints.app; sourceTree = BUILT_PRODUCTS_DIR; };
		2681DD6C234AEF4A00562499 /* AppDelegate.swift */ = {isa = PBXFileReference; lastKnownFileType = sourcecode.swift; path = AppDelegate.swift; sourceTree = "<group>"; };
		2681DD6E234AEF4A00562499 /* SceneDelegate.swift */ = {isa = PBXFileReference; lastKnownFileType = sourcecode.swift; path = SceneDelegate.swift; sourceTree = "<group>"; };
		2681DD70234AEF4A00562499 /* ViewController.swift */ = {isa = PBXFileReference; lastKnownFileType = sourcecode.swift; path = ViewController.swift; sourceTree = "<group>"; };
		2681DD73234AEF4A00562499 /* Base */ = {isa = PBXFileReference; lastKnownFileType = file.storyboard; name = Base; path = Base.lproj/Main.storyboard; sourceTree = "<group>"; };
		2681DD75234AEF4B00562499 /* Assets.xcassets */ = {isa = PBXFileReference; lastKnownFileType = folder.assetcatalog; path = Assets.xcassets; sourceTree = "<group>"; };
		2681DD78234AEF4B00562499 /* Base */ = {isa = PBXFileReference; lastKnownFileType = file.storyboard; name = Base; path = Base.lproj/LaunchScreen.storyboard; sourceTree = "<group>"; };
		2681DD7A234AEF4B00562499 /* Info.plist */ = {isa = PBXFileReference; lastKnownFileType = text.plist.xml; path = Info.plist; sourceTree = "<group>"; };
		2681DD80234AEF6200562499 /* KNConstraints.swift */ = {isa = PBXFileReference; fileEncoding = 4; lastKnownFileType = sourcecode.swift; path = KNConstraints.swift; sourceTree = "<group>"; };
/* End PBXFileReference section */

/* Begin PBXFrameworksBuildPhase section */
		2681DD66234AEF4A00562499 /* Frameworks */ = {
			isa = PBXFrameworksBuildPhase;
			buildActionMask = 2147483647;
			files = (
			);
			runOnlyForDeploymentPostprocessing = 0;
		};
/* End PBXFrameworksBuildPhase section */

/* Begin PBXGroup section */
		2681DD60234AEF4A00562499 = {
			isa = PBXGroup;
			children = (
				2681DD6B234AEF4A00562499 /* KNConstraints */,
				2681DD6A234AEF4A00562499 /* Products */,
			);
			sourceTree = "<group>";
		};
		2681DD6A234AEF4A00562499 /* Products */ = {
			isa = PBXGroup;
			children = (
				2681DD69234AEF4A00562499 /* KNConstraints.app */,
			);
			name = Products;
			sourceTree = "<group>";
		};
		2681DD6B234AEF4A00562499 /* KNConstraints */ = {
			isa = PBXGroup;
			children = (
				2681DD6C234AEF4A00562499 /* AppDelegate.swift */,
				2681DD80234AEF6200562499 /* KNConstraints.swift */,
				2681DD6E234AEF4A00562499 /* SceneDelegate.swift */,
				2681DD70234AEF4A00562499 /* ViewController.swift */,
				2681DD72234AEF4A00562499 /* Main.storyboard */,
				2681DD75234AEF4B00562499 /* Assets.xcassets */,
				2681DD77234AEF4B00562499 /* LaunchScreen.storyboard */,
				2681DD7A234AEF4B00562499 /* Info.plist */,
			);
			path = KNConstraints;
			sourceTree = "<group>";
		};
/* End PBXGroup section */

/* Begin PBXNativeTarget section */
		2681DD68234AEF4A00562499 /* KNConstraints */ = {
			isa = PBXNativeTarget;
			buildConfigurationList = 2681DD7D234AEF4B00562499 /* Build configuration list for PBXNativeTarget "KNConstraints" */;
			buildPhases = (
				2681DD65234AEF4A00562499 /* Sources */,
				2681DD66234AEF4A00562499 /* Frameworks */,
				2681DD67234AEF4A00562499 /* Resources */,
			);
			buildRules = (
			);
			dependencies = (
			);
			name = KNConstraints;
			productName = KNConstraints;
			productReference = 2681DD69234AEF4A00562499 /* KNConstraints.app */;
			productType = "com.apple.product-type.application";
		};
/* End PBXNativeTarget section */

/* Begin PBXProject section */
		2681DD61234AEF4A00562499 /* Project object */ = {
			isa = PBXProject;
			attributes = {
				LastSwiftUpdateCheck = 1100;
				LastUpgradeCheck = 1100;
				ORGANIZATIONNAME = "Ky Nguyen";
				TargetAttributes = {
					2681DD68234AEF4A00562499 = {
						CreatedOnToolsVersion = 11.0;
					};
				};
			};
			buildConfigurationList = 2681DD64234AEF4A00562499 /* Build configuration list for PBXProject "KNConstraints" */;
			compatibilityVersion = "Xcode 9.3";
			developmentRegion = en;
			hasScannedForEncodings = 0;
			knownRegions = (
				en,
				Base,
			);
			mainGroup = 2681DD60234AEF4A00562499;
			productRefGroup = 2681DD6A234AEF4A00562499 /* Products */;
			projectDirPath = "";
			projectRoot = "";
			targets = (
				2681DD68234AEF4A00562499 /* KNConstraints */,
			);
		};
/* End PBXProject section */

/* Begin PBXResourcesBuildPhase section */
		2681DD67234AEF4A00562499 /* Resources */ = {
			isa = PBXResourcesBuildPhase;
			buildActionMask = 2147483647;
			files = (
				2681DD79234AEF4B00562499 /* LaunchScreen.storyboard in Resources */,
				2681DD76234AEF4B00562499 /* Assets.xcassets in Resources */,
				2681DD74234AEF4A00562499 /* Main.storyboard in Resources */,
			);
			runOnlyForDeploymentPostprocessing = 0;
		};
/* End PBXResourcesBuildPhase section */

/* Begin PBXSourcesBuildPhase section */
		2681DD65234AEF4A00562499 /* Sources */ = {
			isa = PBXSourcesBuildPhase;
			buildActionMask = 2147483647;
			files = (
				2681DD71234AEF4A00562499 /* ViewController.swift in Sources */,
				2681DD6D234AEF4A00562499 /* AppDelegate.swift in Sources */,
				2681DD6F234AEF4A00562499 /* SceneDelegate.swift in Sources */,
				2681DD81234AEF6200562499 /* KNConstraints.swift in Sources */,
			);
			runOnlyForDeploymentPostprocessing = 0;
		};
/* End PBXSourcesBuildPhase section */

/* Begin PBXVariantGroup section */
		2681DD72234AEF4A00562499 /* Main.storyboard */ = {
			isa = PBXVariantGroup;
			children = (
				2681DD73234AEF4A00562499 /* Base */,
			);
			name = Main.storyboard;
			sourceTree = "<group>";
		};
		2681DD77234AEF4B00562499 /* LaunchScreen.storyboard */ = {
			isa = PBXVariantGroup;
			children = (
				2681DD78234AEF4B00562499 /* Base */,
			);
			name = LaunchScreen.storyboard;
			sourceTree = "<group>";
		};
/* End PBXVariantGroup section */

/* Begin XCBuildConfiguration section */
		2681DD7B234AEF4B00562499 /* Debug */ = {
			isa = XCBuildConfiguration;
			buildSettings = {
				ALWAYS_SEARCH_USER_PATHS = NO;
				CLANG_ANALYZER_NONNULL = YES;
				CLANG_ANALYZER_NUMBER_OBJECT_CONVERSION = YES_AGGRESSIVE;
				CLANG_CXX_LANGUAGE_STANDARD = "gnu++14";
				CLANG_CXX_LIBRARY = "libc++";
				CLANG_ENABLE_MODULES = YES;
				CLANG_ENABLE_OBJC_ARC = YES;
				CLANG_ENABLE_OBJC_WEAK = YES;
				CLANG_WARN_BLOCK_CAPTURE_AUTORELEASING = YES;
				CLANG_WARN_BOOL_CONVERSION = YES;
				CLANG_WARN_COMMA = YES;
				CLANG_WARN_CONSTANT_CONVERSION = YES;
				CLANG_WARN_DEPRECATED_OBJC_IMPLEMENTATIONS = YES;
				CLANG_WARN_DIRECT_OBJC_ISA_USAGE = YES_ERROR;
				CLANG_WARN_DOCUMENTATION_COMMENTS = YES;
				CLANG_WARN_EMPTY_BODY = YES;
				CLANG_WARN_ENUM_CONVERSION = YES;
				CLANG_WARN_INFINITE_RECURSION = YES;
				CLANG_WARN_INT_CONVERSION = YES;
				CLANG_WARN_NON_LITERAL_NULL_CONVERSION = YES;
				CLANG_WARN_OBJC_IMPLICIT_RETAIN_SELF = YES;
				CLANG_WARN_OBJC_LITERAL_CONVERSION = YES;
				CLANG_WARN_OBJC_ROOT_CLASS = YES_ERROR;
				CLANG_WARN_RANGE_LOOP_ANALYSIS = YES;
				CLANG_WARN_STRICT_PROTOTYPES = YES;
				CLANG_WARN_SUSPICIOUS_MOVE = YES;
				CLANG_WARN_UNGUARDED_AVAILABILITY = YES_AGGRESSIVE;
				CLANG_WARN_UNREACHABLE_CODE = YES;
				CLANG_WARN__DUPLICATE_METHOD_MATCH = YES;
				COPY_PHASE_STRIP = NO;
				DEBUG_INFORMATION_FORMAT = dwarf;
				ENABLE_STRICT_OBJC_MSGSEND = YES;
				ENABLE_TESTABILITY = YES;
				GCC_C_LANGUAGE_STANDARD = gnu11;
				GCC_DYNAMIC_NO_PIC = NO;
				GCC_NO_COMMON_BLOCKS = YES;
				GCC_OPTIMIZATION_LEVEL = 0;
				GCC_PREPROCESSOR_DEFINITIONS = (
					"DEBUG=1",
					"$(inherited)",
				);
				GCC_WARN_64_TO_32_BIT_CONVERSION = YES;
				GCC_WARN_ABOUT_RETURN_TYPE = YES_ERROR;
				GCC_WARN_UNDECLARED_SELECTOR = YES;
				GCC_WARN_UNINITIALIZED_AUTOS = YES_AGGRESSIVE;
				GCC_WARN_UNUSED_FUNCTION = YES;
				GCC_WARN_UNUSED_VARIABLE = YES;
				IPHONEOS_DEPLOYMENT_TARGET = 13.0;
				MTL_ENABLE_DEBUG_INFO = INCLUDE_SOURCE;
				MTL_FAST_MATH = YES;
				ONLY_ACTIVE_ARCH = YES;
				SDKROOT = iphoneos;
				SWIFT_ACTIVE_COMPILATION_CONDITIONS = DEBUG;
				SWIFT_OPTIMIZATION_LEVEL = "-Onone";
			};
			name = Debug;
		};
		2681DD7C234AEF4B00562499 /* Release */ = {
			isa = XCBuildConfiguration;
			buildSettings = {
				ALWAYS_SEARCH_USER_PATHS = NO;
				CLANG_ANALYZER_NONNULL = YES;
				CLANG_ANALYZER_NUMBER_OBJECT_CONVERSION = YES_AGGRESSIVE;
				CLANG_CXX_LANGUAGE_STANDARD = "gnu++14";
				CLANG_CXX_LIBRARY = "libc++";
				CLANG_ENABLE_MODULES = YES;
				CLANG_ENABLE_OBJC_ARC = YES;
				CLANG_ENABLE_OBJC_WEAK = YES;
				CLANG_WARN_BLOCK_CAPTURE_AUTORELEASING = YES;
				CLANG_WARN_BOOL_CONVERSION = YES;
				CLANG_WARN_COMMA = YES;
				CLANG_WARN_CONSTANT_CONVERSION = YES;
				CLANG_WARN_DEPRECATED_OBJC_IMPLEMENTATIONS = YES;
				CLANG_WARN_DIRECT_OBJC_ISA_USAGE = YES_ERROR;
				CLANG_WARN_DOCUMENTATION_COMMENTS = YES;
				CLANG_WARN_EMPTY_BODY = YES;
				CLANG_WARN_ENUM_CONVERSION = YES;
				CLANG_WARN_INFINITE_RECURSION = YES;
				CLANG_WARN_INT_CONVERSION = YES;
				CLANG_WARN_NON_LITERAL_NULL_CONVERSION = YES;
				CLANG_WARN_OBJC_IMPLICIT_RETAIN_SELF = YES;
				CLANG_WARN_OBJC_LITERAL_CONVERSION = YES;
				CLANG_WARN_OBJC_ROOT_CLASS = YES_ERROR;
				CLANG_WARN_RANGE_LOOP_ANALYSIS = YES;
				CLANG_WARN_STRICT_PROTOTYPES = YES;
				CLANG_WARN_SUSPICIOUS_MOVE = YES;
				CLANG_WARN_UNGUARDED_AVAILABILITY = YES_AGGRESSIVE;
				CLANG_WARN_UNREACHABLE_CODE = YES;
				CLANG_WARN__DUPLICATE_METHOD_MATCH = YES;
				COPY_PHASE_STRIP = NO;
				DEBUG_INFORMATION_FORMAT = "dwarf-with-dsym";
				ENABLE_NS_ASSERTIONS = NO;
				ENABLE_STRICT_OBJC_MSGSEND = YES;
				GCC_C_LANGUAGE_STANDARD = gnu11;
				GCC_NO_COMMON_BLOCKS = YES;
				GCC_WARN_64_TO_32_BIT_CONVERSION = YES;
				GCC_WARN_ABOUT_RETURN_TYPE = YES_ERROR;
				GCC_WARN_UNDECLARED_SELECTOR = YES;
				GCC_WARN_UNINITIALIZED_AUTOS = YES_AGGRESSIVE;
				GCC_WARN_UNUSED_FUNCTION = YES;
				GCC_WARN_UNUSED_VARIABLE = YES;
				IPHONEOS_DEPLOYMENT_TARGET = 13.0;
				MTL_ENABLE_DEBUG_INFO = NO;
				MTL_FAST_MATH = YES;
				SDKROOT = iphoneos;
				SWIFT_COMPILATION_MODE = wholemodule;
				SWIFT_OPTIMIZATION_LEVEL = "-O";
				VALIDATE_PRODUCT = YES;
			};
			name = Release;
		};
		2681DD7E234AEF4B00562499 /* Debug */ = {
			isa = XCBuildConfiguration;
			buildSettings = {
				ASSETCATALOG_COMPILER_APPICON_NAME = AppIcon;
				CODE_SIGN_STYLE = Automatic;
				DEVELOPMENT_TEAM = YM62LBZ4XN;
				INFOPLIST_FILE = KNConstraints/Info.plist;
				LD_RUNPATH_SEARCH_PATHS = (
					"$(inherited)",
					"@executable_path/Frameworks",
				);
				PRODUCT_BUNDLE_IDENTIFIER = ky.nguyen.KNConstraints;
				PRODUCT_NAME = "$(TARGET_NAME)";
				SWIFT_VERSION = 5.0;
				TARGETED_DEVICE_FAMILY = "1,2";
			};
			name = Debug;
		};
		2681DD7F234AEF4B00562499 /* Release */ = {
			isa = XCBuildConfiguration;
			buildSettings = {
				ASSETCATALOG_COMPILER_APPICON_NAME = AppIcon;
				CODE_SIGN_STYLE = Automatic;
				DEVELOPMENT_TEAM = YM62LBZ4XN;
				INFOPLIST_FILE = KNConstraints/Info.plist;
				LD_RUNPATH_SEARCH_PATHS = (
					"$(inherited)",
					"@executable_path/Frameworks",
				);
				PRODUCT_BUNDLE_IDENTIFIER = ky.nguyen.KNConstraints;
				PRODUCT_NAME = "$(TARGET_NAME)";
				SWIFT_VERSION = 5.0;
				TARGETED_DEVICE_FAMILY = "1,2";
			};
			name = Release;
		};
/* End XCBuildConfiguration section */

/* Begin XCConfigurationList section */
		2681DD64234AEF4A00562499 /* Build configuration list for PBXProject "KNConstraints" */ = {
			isa = XCConfigurationList;
			buildConfigurations = (
				2681DD7B234AEF4B00562499 /* Debug */,
				2681DD7C234AEF4B00562499 /* Release */,
			);
			defaultConfigurationIsVisible = 0;
			defaultConfigurationName = Release;
		};
		2681DD7D234AEF4B00562499 /* Build configuration list for PBXNativeTarget "KNConstraints" */ = {
			isa = XCConfigurationList;
			buildConfigurations = (
				2681DD7E234AEF4B00562499 /* Debug */,
				2681DD7F234AEF4B00562499 /* Release */,
			);
			defaultConfigurationIsVisible = 0;
			defaultConfigurationName = Release;
		};
/* End XCConfigurationList section */
	};
	rootObject = 2681DD61234AEF4A00562499 /* Project object */;
}
